
Microsoft Visual Studio Solution File, Format Version 12.00
# Visual Studio 15
Project("{FAE04EC0-301F-11D3-BF4B-00C04F79EFBC}") = "AppTrainProj", "AppTrainProj\AppTrainProj.csproj", "{694D370B-4A87-457A-8434-9D21CDDF4A39}"
EndProject
Global
	GlobalSection(SolutionConfigurationPlatforms) = preSolution
		Debug|Any CPU = Debug|Any CPU
		Release|Any CPU = Release|Any CPU
	EndGlobalSection
	GlobalSection(ProjectConfigurationPlatforms) = postSolution
		{694D370B-4A87-457A-8434-9D21CDDF4A39}.Debug|Any CPU.ActiveCfg = Debug|Any CPU
		{694D370B-4A87-457A-8434-9D21CDDF4A39}.Debug|Any CPU.Build.0 = Debug|Any CPU
		{694D370B-4A87-457A-8434-9D21CDDF4A39}.Release|Any CPU.ActiveCfg = Release|Any CPU
		{694D370B-4A87-457A-8434-9D21CDDF4A39}.Release|Any CPU.Build.0 = Release|Any CPU
	EndGlobalSection
EndGlobal
